
Microsoft Visual Studio Solution File, Format Version 12.00
# Visual Studio Version 17
VisualStudioVersion = 17.5.002.0
MinimumVisualStudioVersion = 10.0.40219.1
Project("{9A19103F-16F7-4668-BE54-9A1E7A4F7556}") = "Tarefa1", "Tarefa1\Tarefa1.csproj", "{2358FD02-30E0-42C3-A288-F89709A12A90}"
EndProject
Global
	GlobalSection(SolutionConfigurationPlatforms) = preSolution
		Debug|Any CPU = Debug|Any CPU
		Release|Any CPU = Release|Any CPU
	EndGlobalSection
	GlobalSection(ProjectConfigurationPlatforms) = postSolution
		{2358FD02-30E0-42C3-A288-F89709A12A90}.Debug|Any CPU.ActiveCfg = Debug|Any CPU
		{2358FD02-30E0-42C3-A288-F89709A12A90}.Debug|Any CPU.Build.0 = Debug|Any CPU
		{2358FD02-30E0-42C3-A288-F89709A12A90}.Release|Any CPU.ActiveCfg = Release|Any CPU
		{2358FD02-30E0-42C3-A288-F89709A12A90}.Release|Any CPU.Build.0 = Release|Any CPU
	EndGlobalSection
	GlobalSection(SolutionProperties) = preSolution
		HideSolutionNode = FALSE
	EndGlobalSection
	GlobalSection(ExtensibilityGlobals) = postSolution
		SolutionGuid = {59052696-2FF9-4009-A4AE-DFC534306263}
	EndGlobalSection
EndGlobal
